
Microsoft Visual Studio Solution File, Format Version 12.00
# Visual Studio Version 17
VisualStudioVersion = 17.2.32526.322
MinimumVisualStudioVersion = 10.0.40219.1
Project("{FAE04EC0-301F-11D3-BF4B-00C04F79EFBC}") = "test", "test\test.csproj", "{AD433B9E-33D4-4579-B7F4-2FC5E04E18E2}"
EndProject
Global
	GlobalSection(SolutionConfigurationPlatforms) = preSolution
		Debug|Any CPU = Debug|Any CPU
		Release|Any CPU = Release|Any CPU
	EndGlobalSection
	GlobalSection(ProjectConfigurationPlatforms) = postSolution
		{AD433B9E-33D4-4579-B7F4-2FC5E04E18E2}.Debug|Any CPU.ActiveCfg = Debug|Any CPU
		{AD433B9E-33D4-4579-B7F4-2FC5E04E18E2}.Debug|Any CPU.Build.0 = Debug|Any CPU
		{AD433B9E-33D4-4579-B7F4-2FC5E04E18E2}.Release|Any CPU.ActiveCfg = Release|Any CPU
		{AD433B9E-33D4-4579-B7F4-2FC5E04E18E2}.Release|Any CPU.Build.0 = Release|Any CPU
	EndGlobalSection
	GlobalSection(SolutionProperties) = preSolution
		HideSolutionNode = FALSE
	EndGlobalSection
	GlobalSection(ExtensibilityGlobals) = postSolution
		SolutionGuid = {05D4496D-B749-4C9B-9F75-30504473A132}
	EndGlobalSection
EndGlobal
